
Microsoft Visual Studio Solution File, Format Version 12.00
# Visual Studio Version 17
VisualStudioVersion = 17.9.34728.123
MinimumVisualStudioVersion = 10.0.40219.1
Project("{FAE04EC0-301F-11D3-BF4B-00C04F79EFBC}") = "StudentPortal.Web", "StudentPortal.Web\StudentPortal.Web.csproj", "{C7656F5E-2596-4751-956E-04597622FAFB}"
EndProject
Global
	GlobalSection(SolutionConfigurationPlatforms) = preSolution
		Debug|Any CPU = Debug|Any CPU
		Release|Any CPU = Release|Any CPU
	EndGlobalSection
	GlobalSection(ProjectConfigurationPlatforms) = postSolution
		{C7656F5E-2596-4751-956E-04597622FAFB}.Debug|Any CPU.ActiveCfg = Debug|Any CPU
		{C7656F5E-2596-4751-956E-04597622FAFB}.Debug|Any CPU.Build.0 = Debug|Any CPU
		{C7656F5E-2596-4751-956E-04597622FAFB}.Release|Any CPU.ActiveCfg = Release|Any CPU
		{C7656F5E-2596-4751-956E-04597622FAFB}.Release|Any CPU.Build.0 = Release|Any CPU
	EndGlobalSection
	GlobalSection(SolutionProperties) = preSolution
		HideSolutionNode = FALSE
	EndGlobalSection
	GlobalSection(ExtensibilityGlobals) = postSolution
		SolutionGuid = {4E5D37AB-65C9-4565-ADFA-80CB17CB1CDD}
	EndGlobalSection
EndGlobal
